
Microsoft Visual Studio Solution File, Format Version 12.00
# Visual Studio Version 16
VisualStudioVersion = 16.0.31624.102
MinimumVisualStudioVersion = 10.0.40219.1
Project("{FAE04EC0-301F-11D3-BF4B-00C04F79EFBC}") = "SimplePomodoro.Android", "SimplePomodoro\SimplePomodoro.Android\SimplePomodoro.Android.csproj", "{5BBFDACE-1671-41DB-8470-D528D91C704C}"
EndProject
Project("{FAE04EC0-301F-11D3-BF4B-00C04F79EFBC}") = "SimplePomodoro.iOS", "SimplePomodoro\SimplePomodoro.iOS\SimplePomodoro.iOS.csproj", "{F602FC32-0775-40BE-AEE2-25791E9D36DD}"
EndProject
Project("{FAE04EC0-301F-11D3-BF4B-00C04F79EFBC}") = "SimplePomodoro", "SimplePomodoro\SimplePomodoro\SimplePomodoro.csproj", "{4497B58E-E4B8-4618-B1B3-F4BCCC915557}"
EndProject
Global
	GlobalSection(SolutionConfigurationPlatforms) = preSolution
		Debug|Any CPU = Debug|Any CPU
		Debug|iPhone = Debug|iPhone
		Debug|iPhoneSimulator = Debug|iPhoneSimulator
		Release|Any CPU = Release|Any CPU
		Release|iPhone = Release|iPhone
		Release|iPhoneSimulator = Release|iPhoneSimulator
	EndGlobalSection
	GlobalSection(ProjectConfigurationPlatforms) = postSolution
		{5BBFDACE-1671-41DB-8470-D528D91C704C}.Debug|Any CPU.ActiveCfg = Debug|Any CPU
		{5BBFDACE-1671-41DB-8470-D528D91C704C}.Debug|Any CPU.Build.0 = Debug|Any CPU
		{5BBFDACE-1671-41DB-8470-D528D91C704C}.Debug|Any CPU.Deploy.0 = Debug|Any CPU
		{5BBFDACE-1671-41DB-8470-D528D91C704C}.Debug|iPhone.ActiveCfg = Debug|Any CPU
		{5BBFDACE-1671-41DB-8470-D528D91C704C}.Debug|iPhone.Build.0 = Debug|Any CPU
		{5BBFDACE-1671-41DB-8470-D528D91C704C}.Debug|iPhone.Deploy.0 = Debug|Any CPU
		{5BBFDACE-1671-41DB-8470-D528D91C704C}.Debug|iPhoneSimulator.ActiveCfg = Debug|Any CPU
		{5BBFDACE-1671-41DB-8470-D528D91C704C}.Debug|iPhoneSimulator.Build.0 = Debug|Any CPU
		{5BBFDACE-1671-41DB-8470-D528D91C704C}.Debug|iPhoneSimulator.Deploy.0 = Debug|Any CPU
		{5BBFDACE-1671-41DB-8470-D528D91C704C}.Release|Any CPU.ActiveCfg = Release|Any CPU
		{5BBFDACE-1671-41DB-8470-D528D91C704C}.Release|Any CPU.Build.0 = Release|Any CPU
		{5BBFDACE-1671-41DB-8470-D528D91C704C}.Release|Any CPU.Deploy.0 = Release|Any CPU
		{5BBFDACE-1671-41DB-8470-D528D91C704C}.Release|iPhone.ActiveCfg = Release|Any CPU
		{5BBFDACE-1671-41DB-8470-D528D91C704C}.Release|iPhone.Build.0 = Release|Any CPU
		{5BBFDACE-1671-41DB-8470-D528D91C704C}.Release|iPhone.Deploy.0 = Release|Any CPU
		{5BBFDACE-1671-41DB-8470-D528D91C704C}.Release|iPhoneSimulator.ActiveCfg = Release|Any CPU
		{5BBFDACE-1671-41DB-8470-D528D91C704C}.Release|iPhoneSimulator.Build.0 = Release|Any CPU
		{5BBFDACE-1671-41DB-8470-D528D91C704C}.Release|iPhoneSimulator.Deploy.0 = Release|Any CPU
		{F602FC32-0775-40BE-AEE2-25791E9D36DD}.Debug|Any CPU.ActiveCfg = Debug|iPhone
		{F602FC32-0775-40BE-AEE2-25791E9D36DD}.Debug|Any CPU.Build.0 = Debug|iPhone
		{F602FC32-0775-40BE-AEE2-25791E9D36DD}.Debug|Any CPU.Deploy.0 = Debug|iPhone
		{F602FC32-0775-40BE-AEE2-25791E9D36DD}.Debug|iPhone.ActiveCfg = Debug|iPhone
		{F602FC32-0775-40BE-AEE2-25791E9D36DD}.Debug|iPhone.Build.0 = Debug|iPhone
		{F602FC32-0775-40BE-AEE2-25791E9D36DD}.Debug|iPhone.Deploy.0 = Debug|iPhone
		{F602FC32-0775-40BE-AEE2-25791E9D36DD}.Debug|iPhoneSimulator.ActiveCfg = Debug|iPhoneSimulator
		{F602FC32-0775-40BE-AEE2-25791E9D36DD}.Debug|iPhoneSimulator.Build.0 = Debug|iPhoneSimulator
		{F602FC32-0775-40BE-AEE2-25791E9D36DD}.Debug|iPhoneSimulator.Deploy.0 = Debug|iPhoneSimulator
		{F602FC32-0775-40BE-AEE2-25791E9D36DD}.Release|Any CPU.ActiveCfg = Release|iPhoneSimulator
		{F602FC32-0775-40BE-AEE2-25791E9D36DD}.Release|Any CPU.Build.0 = Release|iPhoneSimulator
		{F602FC32-0775-40BE-AEE2-25791E9D36DD}.Release|Any CPU.Deploy.0 = Release|iPhoneSimulator
		{F602FC32-0775-40BE-AEE2-25791E9D36DD}.Release|iPhone.ActiveCfg = Release|iPhone
		{F602FC32-0775-40BE-AEE2-25791E9D36DD}.Release|iPhone.Build.0 = Release|iPhone
		{F602FC32-0775-40BE-AEE2-25791E9D36DD}.Release|iPhone.Deploy.0 = Release|iPhone
		{F602FC32-0775-40BE-AEE2-25791E9D36DD}.Release|iPhoneSimulator.ActiveCfg = Release|iPhoneSimulator
		{F602FC32-0775-40BE-AEE2-25791E9D36DD}.Release|iPhoneSimulator.Build.0 = Release|iPhoneSimulator
		{F602FC32-0775-40BE-AEE2-25791E9D36DD}.Release|iPhoneSimulator.Deploy.0 = Release|iPhoneSimulator
		{4497B58E-E4B8-4618-B1B3-F4BCCC915557}.Debug|Any CPU.ActiveCfg = Debug|Any CPU
		{4497B58E-E4B8-4618-B1B3-F4BCCC915557}.Debug|Any CPU.Build.0 = Debug|Any CPU
		{4497B58E-E4B8-4618-B1B3-F4BCCC915557}.Debug|Any CPU.Deploy.0 = Debug|Any CPU
		{4497B58E-E4B8-4618-B1B3-F4BCCC915557}.Debug|iPhone.ActiveCfg = Debug|Any CPU
		{4497B58E-E4B8-4618-B1B3-F4BCCC915557}.Debug|iPhone.Build.0 = Debug|Any CPU
		{4497B58E-E4B8-4618-B1B3-F4BCCC915557}.Debug|iPhone.Deploy.0 = Debug|Any CPU
		{4497B58E-E4B8-4618-B1B3-F4BCCC915557}.Debug|iPhoneSimulator.ActiveCfg = Debug|Any CPU
		{4497B58E-E4B8-4618-B1B3-F4BCCC915557}.Debug|iPhoneSimulator.Build.0 = Debug|Any CPU
		{4497B58E-E4B8-4618-B1B3-F4BCCC915557}.Debug|iPhoneSimulator.Deploy.0 = Debug|Any CPU
		{4497B58E-E4B8-4618-B1B3-F4BCCC915557}.Release|Any CPU.ActiveCfg = Release|Any CPU
		{4497B58E-E4B8-4618-B1B3-F4BCCC915557}.Release|Any CPU.Build.0 = Release|Any CPU
		{4497B58E-E4B8-4618-B1B3-F4BCCC915557}.Release|Any CPU.Deploy.0 = Release|Any CPU
		{4497B58E-E4B8-4618-B1B3-F4BCCC915557}.Release|iPhone.ActiveCfg = Release|Any CPU
		{4497B58E-E4B8-4618-B1B3-F4BCCC915557}.Release|iPhone.Build.0 = Release|Any CPU
		{4497B58E-E4B8-4618-B1B3-F4BCCC915557}.Release|iPhone.Deploy.0 = Release|Any CPU
		{4497B58E-E4B8-4618-B1B3-F4BCCC915557}.Release|iPhoneSimulator.ActiveCfg = Release|Any CPU
		{4497B58E-E4B8-4618-B1B3-F4BCCC915557}.Release|iPhoneSimulator.Build.0 = Release|Any CPU
		{4497B58E-E4B8-4618-B1B3-F4BCCC915557}.Release|iPhoneSimulator.Deploy.0 = Release|Any CPU
	EndGlobalSection
	GlobalSection(SolutionProperties) = preSolution
		HideSolutionNode = FALSE
	EndGlobalSection
	GlobalSection(ExtensibilityGlobals) = postSolution
		SolutionGuid = {D3CB93F2-254A-43F3-9501-DAF733AF4920}
	EndGlobalSection
EndGlobal
